
Microsoft Visual Studio Solution File, Format Version 12.00
# Visual Studio Version 17
VisualStudioVersion = 17.3.32929.385
MinimumVisualStudioVersion = 10.0.40219.1
Project("{FAE04EC0-301F-11D3-BF4B-00C04F79EFBC}") = "WarriorWars", "WarriorWars\WarriorWars.csproj", "{B894CF01-76B6-4861-8C34-C614F1BA5316}"
EndProject
Global
	GlobalSection(SolutionConfigurationPlatforms) = preSolution
		Debug|Any CPU = Debug|Any CPU
		Release|Any CPU = Release|Any CPU
	EndGlobalSection
	GlobalSection(ProjectConfigurationPlatforms) = postSolution
		{B894CF01-76B6-4861-8C34-C614F1BA5316}.Debug|Any CPU.ActiveCfg = Debug|Any CPU
		{B894CF01-76B6-4861-8C34-C614F1BA5316}.Debug|Any CPU.Build.0 = Debug|Any CPU
		{B894CF01-76B6-4861-8C34-C614F1BA5316}.Release|Any CPU.ActiveCfg = Release|Any CPU
		{B894CF01-76B6-4861-8C34-C614F1BA5316}.Release|Any CPU.Build.0 = Release|Any CPU
	EndGlobalSection
	GlobalSection(SolutionProperties) = preSolution
		HideSolutionNode = FALSE
	EndGlobalSection
	GlobalSection(ExtensibilityGlobals) = postSolution
		SolutionGuid = {6EFD0888-1119-4990-9754-5F4233B36504}
	EndGlobalSection
EndGlobal
